github.com/tidwall/gjson v1.1.2 h1:2cScOmQ0oRDK1idscWbg9Va8xvQ88Lqb73rkgg8scEo=
github.com/tidwall/gjson v1.1.2/go.mod h1:c/nTNbUr0E0OrXEhq1pwa8iEgc2DOt4ZZqAt1HtCkPA=
github.com/tidwall/match v1.1.1 h1:+Ho715JplO36QYgwN9PGYNhgZvoUSc9X2c80KVTi+GA=
github.com/tidwall/match v1.1.1/go.mod h1:eRSPERbgtNPcGhD8UCthc6PmLEQXEWd3PRB5JTxsfmM=
